
Microsoft Visual Studio Solution File, Format Version 12.00
# Visual Studio Version 17
VisualStudioVersion = 17.2.32616.157
MinimumVisualStudioVersion = 10.0.40219.1
Project("{FAE04EC0-301F-11D3-BF4B-00C04F79EFBC}") = "Literki.App", "Literki.App\Literki.App.csproj", "{5B25C63F-6598-4D33-9523-4E8ACA51A55C}"
EndProject
Global
	GlobalSection(SolutionConfigurationPlatforms) = preSolution
		Debug|Any CPU = Debug|Any CPU
		Release|Any CPU = Release|Any CPU
	EndGlobalSection
	GlobalSection(ProjectConfigurationPlatforms) = postSolution
		{5B25C63F-6598-4D33-9523-4E8ACA51A55C}.Debug|Any CPU.ActiveCfg = Debug|Any CPU
		{5B25C63F-6598-4D33-9523-4E8ACA51A55C}.Debug|Any CPU.Build.0 = Debug|Any CPU
		{5B25C63F-6598-4D33-9523-4E8ACA51A55C}.Release|Any CPU.ActiveCfg = Release|Any CPU
		{5B25C63F-6598-4D33-9523-4E8ACA51A55C}.Release|Any CPU.Build.0 = Release|Any CPU
	EndGlobalSection
	GlobalSection(SolutionProperties) = preSolution
		HideSolutionNode = FALSE
	EndGlobalSection
	GlobalSection(ExtensibilityGlobals) = postSolution
		SolutionGuid = {FDCEBD9B-CFF1-440A-8838-67AA91519E75}
	EndGlobalSection
EndGlobal
